
Microsoft Visual Studio Solution File, Format Version 12.00
# Visual Studio Version 16
VisualStudioVersion = 16.0.31402.337
MinimumVisualStudioVersion = 10.0.40219.1
Project("{FAE04EC0-301F-11D3-BF4B-00C04F79EFBC}") = "TimeControl.View", "TimeControl.View\TimeControl.View.csproj", "{6098EDDF-F683-439F-A184-4CB1B70A5112}"
EndProject
Project("{FAE04EC0-301F-11D3-BF4B-00C04F79EFBC}") = "TimeControl.Model", "TimeControl.Model\TimeControl.Model.csproj", "{B0137137-7D66-4BB7-959E-664BD9770CB3}"
EndProject
Global
	GlobalSection(SolutionConfigurationPlatforms) = preSolution
		Debug|Any CPU = Debug|Any CPU
		Release|Any CPU = Release|Any CPU
	EndGlobalSection
	GlobalSection(ProjectConfigurationPlatforms) = postSolution
		{6098EDDF-F683-439F-A184-4CB1B70A5112}.Debug|Any CPU.ActiveCfg = Debug|Any CPU
		{6098EDDF-F683-439F-A184-4CB1B70A5112}.Debug|Any CPU.Build.0 = Debug|Any CPU
		{6098EDDF-F683-439F-A184-4CB1B70A5112}.Release|Any CPU.ActiveCfg = Release|Any CPU
		{6098EDDF-F683-439F-A184-4CB1B70A5112}.Release|Any CPU.Build.0 = Release|Any CPU
		{B0137137-7D66-4BB7-959E-664BD9770CB3}.Debug|Any CPU.ActiveCfg = Debug|Any CPU
		{B0137137-7D66-4BB7-959E-664BD9770CB3}.Debug|Any CPU.Build.0 = Debug|Any CPU
		{B0137137-7D66-4BB7-959E-664BD9770CB3}.Release|Any CPU.ActiveCfg = Release|Any CPU
		{B0137137-7D66-4BB7-959E-664BD9770CB3}.Release|Any CPU.Build.0 = Release|Any CPU
	EndGlobalSection
	GlobalSection(SolutionProperties) = preSolution
		HideSolutionNode = FALSE
	EndGlobalSection
	GlobalSection(ExtensibilityGlobals) = postSolution
		SolutionGuid = {ADF18EBB-8BC5-4E63-B966-BE6BE7BE0250}
	EndGlobalSection
EndGlobal
